
Microsoft Visual Studio Solution File, Format Version 12.00
# Visual Studio Version 17
VisualStudioVersion = 17.14.37301.10
MinimumVisualStudioVersion = 10.0.40219.1
Project("{FAE04EC0-301F-11D3-BF4B-00C04F79EFBC}") = "WpfSamples", "WpfSamples.csproj", "{B7697CC0-9B33-425B-95DA-13B31FC32955}"
EndProject
Project("{FAE04EC0-301F-11D3-BF4B-00C04F79EFBC}") = "Wpf.Lib.Common", "..\Wpf.Lib.Common\Wpf.Lib.Common.csproj", "{D1F807FD-F53C-45D6-AF9A-867F0927FDA1}"
EndProject
Project("{FAE04EC0-301F-11D3-BF4B-00C04F79EFBC}") = "Wpf.Lib.RTOS", "..\Wpf.Lib.RTOS\Wpf.Lib.RTOS.csproj", "{4AC7EF30-41F3-4878-AE76-5885CA957AC2}"
EndProject
Global
	GlobalSection(SolutionConfigurationPlatforms) = preSolution
		Debug|Any CPU = Debug|Any CPU
		Debug|x64 = Debug|x64
		Release|Any CPU = Release|Any CPU
		Release|x64 = Release|x64
	EndGlobalSection
	GlobalSection(ProjectConfigurationPlatforms) = postSolution
		{B7697CC0-9B33-425B-95DA-13B31FC32955}.Debug|Any CPU.ActiveCfg = Debug|x64
		{B7697CC0-9B33-425B-95DA-13B31FC32955}.Debug|Any CPU.Build.0 = Debug|x64
		{B7697CC0-9B33-425B-95DA-13B31FC32955}.Debug|x64.ActiveCfg = Debug|x64
		{B7697CC0-9B33-425B-95DA-13B31FC32955}.Debug|x64.Build.0 = Debug|x64
		{B7697CC0-9B33-425B-95DA-13B31FC32955}.Release|Any CPU.ActiveCfg = Release|Any CPU
		{B7697CC0-9B33-425B-95DA-13B31FC32955}.Release|Any CPU.Build.0 = Release|Any CPU
		{B7697CC0-9B33-425B-95DA-13B31FC32955}.Release|x64.ActiveCfg = Release|x64
		{B7697CC0-9B33-425B-95DA-13B31FC32955}.Release|x64.Build.0 = Release|x64
		{D1F807FD-F53C-45D6-AF9A-867F0927FDA1}.Debug|Any CPU.ActiveCfg = Debug|x64
		{D1F807FD-F53C-45D6-AF9A-867F0927FDA1}.Debug|Any CPU.Build.0 = Debug|x64
		{D1F807FD-F53C-45D6-AF9A-867F0927FDA1}.Debug|x64.ActiveCfg = Debug|x64
		{D1F807FD-F53C-45D6-AF9A-867F0927FDA1}.Debug|x64.Build.0 = Debug|x64
		{D1F807FD-F53C-45D6-AF9A-867F0927FDA1}.Release|Any CPU.ActiveCfg = Release|Any CPU
		{D1F807FD-F53C-45D6-AF9A-867F0927FDA1}.Release|Any CPU.Build.0 = Release|Any CPU
		{D1F807FD-F53C-45D6-AF9A-867F0927FDA1}.Release|x64.ActiveCfg = Release|x64
		{D1F807FD-F53C-45D6-AF9A-867F0927FDA1}.Release|x64.Build.0 = Release|x64
		{4AC7EF30-41F3-4878-AE76-5885CA957AC2}.Debug|Any CPU.ActiveCfg = Debug|x64
		{4AC7EF30-41F3-4878-AE76-5885CA957AC2}.Debug|Any CPU.Build.0 = Debug|x64
		{4AC7EF30-41F3-4878-AE76-5885CA957AC2}.Debug|x64.ActiveCfg = Debug|Any CPU
		{4AC7EF30-41F3-4878-AE76-5885CA957AC2}.Debug|x64.Build.0 = Debug|Any CPU
		{4AC7EF30-41F3-4878-AE76-5885CA957AC2}.Release|Any CPU.ActiveCfg = Release|Any CPU
		{4AC7EF30-41F3-4878-AE76-5885CA957AC2}.Release|Any CPU.Build.0 = Release|Any CPU
		{4AC7EF30-41F3-4878-AE76-5885CA957AC2}.Release|x64.ActiveCfg = Release|Any CPU
		{4AC7EF30-41F3-4878-AE76-5885CA957AC2}.Release|x64.Build.0 = Release|Any CPU
	EndGlobalSection
	GlobalSection(SolutionProperties) = preSolution
		HideSolutionNode = FALSE
	EndGlobalSection
	GlobalSection(ExtensibilityGlobals) = postSolution
		SolutionGuid = {C48FEFC7-9F24-4C8D-93B5-AC0862FADFD1}
	EndGlobalSection
EndGlobal
