
Microsoft Visual Studio Solution File, Format Version 12.00
# Visual Studio Version 17
VisualStudioVersion = 17.13.35825.156
MinimumVisualStudioVersion = 10.0.40219.1
Project("{FAE04EC0-301F-11D3-BF4B-00C04F79EFBC}") = "AsyncAwaitTest1", "AsyncAwaitTest1\AsyncAwaitTest1.csproj", "{5BCC5BFE-01B2-43FC-81C0-49F864755E0B}"
EndProject
Project("{FAE04EC0-301F-11D3-BF4B-00C04F79EFBC}") = "AsyncAwaitTest2", "AsyncAwaitTest2\AsyncAwaitTest2.csproj", "{608F05A0-D25E-4B9A-8837-7CB4AF209F18}"
EndProject
Project("{FAE04EC0-301F-11D3-BF4B-00C04F79EFBC}") = "AsyncAwaitDeepSeek1", "AsyncAwaitDeepSeek1\AsyncAwaitDeepSeek1.csproj", "{1FA90525-60BE-4DF7-8175-529E489EBB6B}"
EndProject
Global
	GlobalSection(SolutionConfigurationPlatforms) = preSolution
		Debug|Any CPU = Debug|Any CPU
		Release|Any CPU = Release|Any CPU
	EndGlobalSection
	GlobalSection(ProjectConfigurationPlatforms) = postSolution
		{5BCC5BFE-01B2-43FC-81C0-49F864755E0B}.Debug|Any CPU.ActiveCfg = Debug|Any CPU
		{5BCC5BFE-01B2-43FC-81C0-49F864755E0B}.Debug|Any CPU.Build.0 = Debug|Any CPU
		{5BCC5BFE-01B2-43FC-81C0-49F864755E0B}.Release|Any CPU.ActiveCfg = Release|Any CPU
		{5BCC5BFE-01B2-43FC-81C0-49F864755E0B}.Release|Any CPU.Build.0 = Release|Any CPU
		{608F05A0-D25E-4B9A-8837-7CB4AF209F18}.Debug|Any CPU.ActiveCfg = Debug|Any CPU
		{608F05A0-D25E-4B9A-8837-7CB4AF209F18}.Debug|Any CPU.Build.0 = Debug|Any CPU
		{608F05A0-D25E-4B9A-8837-7CB4AF209F18}.Release|Any CPU.ActiveCfg = Release|Any CPU
		{608F05A0-D25E-4B9A-8837-7CB4AF209F18}.Release|Any CPU.Build.0 = Release|Any CPU
		{1FA90525-60BE-4DF7-8175-529E489EBB6B}.Debug|Any CPU.ActiveCfg = Debug|Any CPU
		{1FA90525-60BE-4DF7-8175-529E489EBB6B}.Debug|Any CPU.Build.0 = Debug|Any CPU
		{1FA90525-60BE-4DF7-8175-529E489EBB6B}.Release|Any CPU.ActiveCfg = Release|Any CPU
		{1FA90525-60BE-4DF7-8175-529E489EBB6B}.Release|Any CPU.Build.0 = Release|Any CPU
	EndGlobalSection
	GlobalSection(SolutionProperties) = preSolution
		HideSolutionNode = FALSE
	EndGlobalSection
	GlobalSection(ExtensibilityGlobals) = postSolution
		SolutionGuid = {32F5EA67-1E02-4B12-9BBC-D3F0871DF576}
	EndGlobalSection
EndGlobal
