
Microsoft Visual Studio Solution File, Format Version 12.00
# Visual Studio Version 17
VisualStudioVersion = 17.14.37314.3
MinimumVisualStudioVersion = 10.0.40219.1
Project("{FAE04EC0-301F-11D3-BF4B-00C04F79EFBC}") = "WpfConcurrencySamples", "WpfConcurrencySamples\WpfConcurrencySamples.csproj", "{D0EA7E1E-3F95-4D51-8371-EE9A506922D6}"
EndProject
Project("{FAE04EC0-301F-11D3-BF4B-00C04F79EFBC}") = "WPF.Lib.Common", "WPF.Lib.Common\WPF.Lib.Common.csproj", "{7039FF96-DF0B-4320-AF29-0D48546E5EA2}"
EndProject
Project("{FAE04EC0-301F-11D3-BF4B-00C04F79EFBC}") = "WPF.Ctrl.TextBox", "WPF.Ctrl.TextBox\WPF.Ctrl.TextBox.csproj", "{D0B49897-08BA-4D66-A0F2-010F1152054F}"
EndProject
Global
	GlobalSection(SolutionConfigurationPlatforms) = preSolution
		Debug|Any CPU = Debug|Any CPU
		Debug|x64 = Debug|x64
		Release|Any CPU = Release|Any CPU
		Release|x64 = Release|x64
	EndGlobalSection
	GlobalSection(ProjectConfigurationPlatforms) = postSolution
		{D0EA7E1E-3F95-4D51-8371-EE9A506922D6}.Debug|Any CPU.ActiveCfg = Debug|x64
		{D0EA7E1E-3F95-4D51-8371-EE9A506922D6}.Debug|Any CPU.Build.0 = Debug|x64
		{D0EA7E1E-3F95-4D51-8371-EE9A506922D6}.Debug|x64.ActiveCfg = Debug|x64
		{D0EA7E1E-3F95-4D51-8371-EE9A506922D6}.Debug|x64.Build.0 = Debug|x64
		{D0EA7E1E-3F95-4D51-8371-EE9A506922D6}.Release|Any CPU.ActiveCfg = Release|Any CPU
		{D0EA7E1E-3F95-4D51-8371-EE9A506922D6}.Release|Any CPU.Build.0 = Release|Any CPU
		{D0EA7E1E-3F95-4D51-8371-EE9A506922D6}.Release|x64.ActiveCfg = Release|x64
		{D0EA7E1E-3F95-4D51-8371-EE9A506922D6}.Release|x64.Build.0 = Release|x64
		{7039FF96-DF0B-4320-AF29-0D48546E5EA2}.Debug|Any CPU.ActiveCfg = Debug|x64
		{7039FF96-DF0B-4320-AF29-0D48546E5EA2}.Debug|Any CPU.Build.0 = Debug|x64
		{7039FF96-DF0B-4320-AF29-0D48546E5EA2}.Debug|x64.ActiveCfg = Debug|x64
		{7039FF96-DF0B-4320-AF29-0D48546E5EA2}.Debug|x64.Build.0 = Debug|x64
		{7039FF96-DF0B-4320-AF29-0D48546E5EA2}.Release|Any CPU.ActiveCfg = Release|Any CPU
		{7039FF96-DF0B-4320-AF29-0D48546E5EA2}.Release|Any CPU.Build.0 = Release|Any CPU
		{7039FF96-DF0B-4320-AF29-0D48546E5EA2}.Release|x64.ActiveCfg = Release|x64
		{7039FF96-DF0B-4320-AF29-0D48546E5EA2}.Release|x64.Build.0 = Release|x64
		{D0B49897-08BA-4D66-A0F2-010F1152054F}.Debug|Any CPU.ActiveCfg = Debug|Any CPU
		{D0B49897-08BA-4D66-A0F2-010F1152054F}.Debug|Any CPU.Build.0 = Debug|Any CPU
		{D0B49897-08BA-4D66-A0F2-010F1152054F}.Debug|x64.ActiveCfg = Debug|Any CPU
		{D0B49897-08BA-4D66-A0F2-010F1152054F}.Debug|x64.Build.0 = Debug|Any CPU
		{D0B49897-08BA-4D66-A0F2-010F1152054F}.Release|Any CPU.ActiveCfg = Release|Any CPU
		{D0B49897-08BA-4D66-A0F2-010F1152054F}.Release|Any CPU.Build.0 = Release|Any CPU
		{D0B49897-08BA-4D66-A0F2-010F1152054F}.Release|x64.ActiveCfg = Release|Any CPU
		{D0B49897-08BA-4D66-A0F2-010F1152054F}.Release|x64.Build.0 = Release|Any CPU
	EndGlobalSection
	GlobalSection(SolutionProperties) = preSolution
		HideSolutionNode = FALSE
	EndGlobalSection
	GlobalSection(ExtensibilityGlobals) = postSolution
		SolutionGuid = {76B047B2-8FAB-419E-919F-D1AE4D1D999A}
	EndGlobalSection
EndGlobal
