
Microsoft Visual Studio Solution File, Format Version 12.00
# Visual Studio Version 17
VisualStudioVersion = 17.13.35931.197
MinimumVisualStudioVersion = 10.0.40219.1
Project("{FAE04EC0-301F-11D3-BF4B-00C04F79EFBC}") = "EncodingConverter", "EncodingConverter.csproj", "{5649067F-930B-404E-A8E2-F1E8789E417C}"
EndProject
Project("{FAE04EC0-301F-11D3-BF4B-00C04F79EFBC}") = "EncodingConverterConsole", "..\EncodingConverterConsole\EncodingConverterConsole.csproj", "{83855A25-580C-484B-8121-2DDFA069E92A}"
EndProject
Global
	GlobalSection(SolutionConfigurationPlatforms) = preSolution
		Debug|Any CPU = Debug|Any CPU
		Release|Any CPU = Release|Any CPU
	EndGlobalSection
	GlobalSection(ProjectConfigurationPlatforms) = postSolution
		{5649067F-930B-404E-A8E2-F1E8789E417C}.Debug|Any CPU.ActiveCfg = Debug|Any CPU
		{5649067F-930B-404E-A8E2-F1E8789E417C}.Debug|Any CPU.Build.0 = Debug|Any CPU
		{5649067F-930B-404E-A8E2-F1E8789E417C}.Release|Any CPU.ActiveCfg = Release|Any CPU
		{5649067F-930B-404E-A8E2-F1E8789E417C}.Release|Any CPU.Build.0 = Release|Any CPU
		{83855A25-580C-484B-8121-2DDFA069E92A}.Debug|Any CPU.ActiveCfg = Debug|Any CPU
		{83855A25-580C-484B-8121-2DDFA069E92A}.Debug|Any CPU.Build.0 = Debug|Any CPU
		{83855A25-580C-484B-8121-2DDFA069E92A}.Release|Any CPU.ActiveCfg = Release|Any CPU
		{83855A25-580C-484B-8121-2DDFA069E92A}.Release|Any CPU.Build.0 = Release|Any CPU
	EndGlobalSection
	GlobalSection(SolutionProperties) = preSolution
		HideSolutionNode = FALSE
	EndGlobalSection
	GlobalSection(ExtensibilityGlobals) = postSolution
		SolutionGuid = {0C87207A-8E4E-43F4-8404-405CB095DC4F}
	EndGlobalSection
EndGlobal
